
Microsoft Visual Studio Solution File, Format Version 12.00
# Visual Studio Version 16
VisualStudioVersion = 16.0.32929.386
MinimumVisualStudioVersion = 10.0.40219.1
Project("{FAE04EC0-301F-11D3-BF4B-00C04F79EFBC}") = "ramly", "ramly\ramly.csproj", "{E7435DF1-73D6-4BD2-8304-3ADAFAB58587}"
EndProject
Global
	GlobalSection(SolutionConfigurationPlatforms) = preSolution
		Debug|Any CPU = Debug|Any CPU
		Release|Any CPU = Release|Any CPU
	EndGlobalSection
	GlobalSection(ProjectConfigurationPlatforms) = postSolution
		{E7435DF1-73D6-4BD2-8304-3ADAFAB58587}.Debug|Any CPU.ActiveCfg = Debug|Any CPU
		{E7435DF1-73D6-4BD2-8304-3ADAFAB58587}.Debug|Any CPU.Build.0 = Debug|Any CPU
		{E7435DF1-73D6-4BD2-8304-3ADAFAB58587}.Release|Any CPU.ActiveCfg = Release|Any CPU
		{E7435DF1-73D6-4BD2-8304-3ADAFAB58587}.Release|Any CPU.Build.0 = Release|Any CPU
	EndGlobalSection
	GlobalSection(SolutionProperties) = preSolution
		HideSolutionNode = FALSE
	EndGlobalSection
	GlobalSection(ExtensibilityGlobals) = postSolution
		SolutionGuid = {3FAD95E9-13F8-4E46-8587-33B6DFBDB38C}
	EndGlobalSection
EndGlobal
